{
  "lockfile_version": "1",
  "packages": {
    "fd@latest": {
      "last_modified": "2025-01-19T08:16:51Z",
      "resolved": "github:NixOS/nixpkgs/50165c4f7eb48ce82bd063e1fb8047a0f515f8ce#fd",
      "source": "devbox-search",
      "version": "10.2.0",
      "systems": {
        "aarch64-darwin": {
          "outputs": [
            {
              "name": "out",
              "path": "/nix/store/ckay1nnlygljjn938c94xjc0669qn83r-fd-10.2.0",
              "default": true
            }
          ],
          "store_path": "/nix/store/ckay1nnlygljjn938c94xjc0669qn83r-fd-10.2.0"
        },
        "aarch64-linux": {
          "outputs": [
            {
              "name": "out",
              "path": "/nix/store/2v2sycna6fjq8rpl1plp4pfyzg1jd7b3-fd-10.2.0",
              "default": true
            }
          ],
          "store_path": "/nix/store/2v2sycna6fjq8rpl1plp4pfyzg1jd7b3-fd-10.2.0"
        },
        "x86_64-darwin": {
          "outputs": [
            {
              "name": "out",
              "path": "/nix/store/jq45fqh31n5yrx551pg9fln104l1p2hv-fd-10.2.0",
              "default": true
            }
          ],
          "store_path": "/nix/store/jq45fqh31n5yrx551pg9fln104l1p2hv-fd-10.2.0"
        },
        "x86_64-linux": {
          "outputs": [
            {
              "name": "out",
              "path": "/nix/store/4p0c62vy7jw06ygmffhjhgwn11g0bila-fd-10.2.0",
              "default": true
            }
          ],
          "store_path": "/nix/store/4p0c62vy7jw06ygmffhjhgwn11g0bila-fd-10.2.0"
        }
      }
    },
    "glab@latest": {
      "last_modified": "2025-01-22T06:06:04Z",
      "resolved": "github:NixOS/nixpkgs/5757bbb8bd7c0630a0cc4bb19c47e588db30b97c#glab",
      "source": "devbox-search",
      "version": "1.52.0",
      "systems": {
        "aarch64-darwin": {
          "outputs": [
            {
              "name": "out",
              "path": "/nix/store/5k1hvfxbqz6drpaxpiv4gnd625riv7nd-glab-1.52.0",
              "default": true
            }
          ],
          "store_path": "/nix/store/5k1hvfxbqz6drpaxpiv4gnd625riv7nd-glab-1.52.0"
        },
        "aarch64-linux": {
          "outputs": [
            {
              "name": "out",
              "path": "/nix/store/aj9gdjif23zb91jvl8avz9vvymxy04cr-glab-1.52.0",
              "default": true
            }
          ],
          "store_path": "/nix/store/aj9gdjif23zb91jvl8avz9vvymxy04cr-glab-1.52.0"
        },
        "x86_64-darwin": {
          "outputs": [
            {
              "name": "out",
              "path": "/nix/store/2ppy0gvpmvqi19fgacmi0zhfbcvb8pm6-glab-1.52.0",
              "default": true
            }
          ],
          "store_path": "/nix/store/2ppy0gvpmvqi19fgacmi0zhfbcvb8pm6-glab-1.52.0"
        },
        "x86_64-linux": {
          "outputs": [
            {
              "name": "out",
              "path": "/nix/store/3avd0rxlvzyq3pdambgy1ssjq1gyb9y6-glab-1.52.0",
              "default": true
            }
          ],
          "store_path": "/nix/store/3avd0rxlvzyq3pdambgy1ssjq1gyb9y6-glab-1.52.0"
        }
      }
    },
    "go@latest": {
      "last_modified": "2025-01-19T08:16:51Z",
      "resolved": "github:NixOS/nixpkgs/50165c4f7eb48ce82bd063e1fb8047a0f515f8ce#go",
      "source": "devbox-search",
      "version": "1.23.4",
      "systems": {
        "aarch64-darwin": {
          "outputs": [
            {
              "name": "out",
              "path": "/nix/store/lg7l1czmd5hqwwhjszprdz342q98zmkw-go-1.23.4",
              "default": true
            }
          ],
          "store_path": "/nix/store/lg7l1czmd5hqwwhjszprdz342q98zmkw-go-1.23.4"
        },
        "aarch64-linux": {
          "outputs": [
            {
              "name": "out",
              "path": "/nix/store/2x7k6yj9z37s3d3x5j3kkz6bcak8k9qr-go-1.23.4",
              "default": true
            }
          ],
          "store_path": "/nix/store/2x7k6yj9z37s3d3x5j3kkz6bcak8k9qr-go-1.23.4"
        },
        "x86_64-darwin": {
          "outputs": [
            {
              "name": "out",
              "path": "/nix/store/8x0ag0v37rfy9z58a8yy3hakj3dzdr9c-go-1.23.4",
              "default": true
            }
          ],
          "store_path": "/nix/store/8x0ag0v37rfy9z58a8yy3hakj3dzdr9c-go-1.23.4"
        },
        "x86_64-linux": {
          "outputs": [
            {
              "name": "out",
              "path": "/nix/store/0b6vsy4fa4i4qpk1011hi6251nwdg5y8-go-1.23.4",
              "default": true
            }
          ],
          "store_path": "/nix/store/0b6vsy4fa4i4qpk1011hi6251nwdg5y8-go-1.23.4"
        }
      }
    },
    "gum@latest": {
      "last_modified": "2025-01-22T14:55:48Z",
      "resolved": "github:NixOS/nixpkgs/606996d74f6e2a12635d41c1bf58bfc7ea3bb5ec#gum",
      "source": "devbox-search",
      "version": "0.15.0",
      "systems": {
        "aarch64-darwin": {
          "outputs": [
            {
              "name": "out",
              "path": "/nix/store/ld2rmch33w6ig07ihds260hl0ivknj73-gum-0.15.0",
              "default": true
            }
          ],
          "store_path": "/nix/store/ld2rmch33w6ig07ihds260hl0ivknj73-gum-0.15.0"
        },
        "aarch64-linux": {
          "outputs": [
            {
              "name": "out",
              "path": "/nix/store/j547gbafhydwhf11fnwpwdmx68pswa5z-gum-0.15.0",
              "default": true
            }
          ],
          "store_path": "/nix/store/j547gbafhydwhf11fnwpwdmx68pswa5z-gum-0.15.0"
        },
        "x86_64-darwin": {
          "outputs": [
            {
              "name": "out",
              "path": "/nix/store/dfp3k2v6kkshnma6y38rjby1xwf1arx0-gum-0.15.0",
              "default": true
            }
          ],
          "store_path": "/nix/store/dfp3k2v6kkshnma6y38rjby1xwf1arx0-gum-0.15.0"
        },
        "x86_64-linux": {
          "outputs": [
            {
              "name": "out",
              "path": "/nix/store/wy3w37by807bszh6rvmbw4mqck3awjr1-gum-0.15.0",
              "default": true
            }
          ],
          "store_path": "/nix/store/wy3w37by807bszh6rvmbw4mqck3awjr1-gum-0.15.0"
        }
      }
    },
    "jfrog-cli@latest": {
      "last_modified": "2025-01-22T23:44:18Z",
      "resolved": "github:NixOS/nixpkgs/1800f90db02ce58f3733498b8052d5d62bf44c2f#jfrog-cli",
      "source": "devbox-search",
      "version": "2.73.0",
      "systems": {
        "aarch64-darwin": {
          "outputs": [
            {
              "name": "out",
              "path": "/nix/store/c841777lbxs28zzxp3db4wpv9jb0gpya-jfrog-cli-2.73.0",
              "default": true
            }
          ],
          "store_path": "/nix/store/c841777lbxs28zzxp3db4wpv9jb0gpya-jfrog-cli-2.73.0"
        },
        "aarch64-linux": {
          "outputs": [
            {
              "name": "out",
              "path": "/nix/store/91ifgfd6afvwrx6i9g7wz2448zxy0n7x-jfrog-cli-2.73.0",
              "default": true
            }
          ],
          "store_path": "/nix/store/91ifgfd6afvwrx6i9g7wz2448zxy0n7x-jfrog-cli-2.73.0"
        },
        "x86_64-darwin": {
          "outputs": [
            {
              "name": "out",
              "path": "/nix/store/hlhlnps83nj78cfpkh9m4f5ip1ccv841-jfrog-cli-2.73.0",
              "default": true
            }
          ],
          "store_path": "/nix/store/hlhlnps83nj78cfpkh9m4f5ip1ccv841-jfrog-cli-2.73.0"
        },
        "x86_64-linux": {
          "outputs": [
            {
              "name": "out",
              "path": "/nix/store/0alrs1x52fs3yalm5rbd5w513m1h6lgh-jfrog-cli-2.73.0",
              "default": true
            }
          ],
          "store_path": "/nix/store/0alrs1x52fs3yalm5rbd5w513m1h6lgh-jfrog-cli-2.73.0"
        }
      }
    },
    "jq@latest": {
      "last_modified": "2025-01-25T23:17:58Z",
      "resolved": "github:NixOS/nixpkgs/b582bb5b0d7af253b05d58314b85ab8ec46b8d19#jq",
      "source": "devbox-search",
      "version": "1.7.1",
      "systems": {
        "aarch64-darwin": {
          "outputs": [
            {
              "name": "bin",
              "path": "/nix/store/ri8k487849v9b290iz384pi1lgw7n585-jq-1.7.1-bin",
              "default": true
            },
            {
              "name": "man",
              "path": "/nix/store/l9nf6sjs9hyvjfkmm9njw00mmvh88f6n-jq-1.7.1-man",
              "default": true
            },
            {
              "name": "doc",
              "path": "/nix/store/axim640z0z67x48qr8nq79qph5j3vj05-jq-1.7.1-doc"
            },
            {
              "name": "out",
              "path": "/nix/store/sj86jzxi9p5pipih6fx7sw9pw6j54qbl-jq-1.7.1"
            },
            {
              "name": "dev",
              "path": "/nix/store/n7880d10c16s05bzg4xh4ak9j7fz9440-jq-1.7.1-dev"
            }
          ],
          "store_path": "/nix/store/ri8k487849v9b290iz384pi1lgw7n585-jq-1.7.1-bin"
        },
        "aarch64-linux": {
          "outputs": [
            {
              "name": "bin",
              "path": "/nix/store/z5vhfsyh4yh7f018q036q260h363a56w-jq-1.7.1-bin",
              "default": true
            },
            {
              "name": "man",
              "path": "/nix/store/hvb2dfhc1k02abmai7n3bxi2w7i85k3q-jq-1.7.1-man",
              "default": true
            },
            {
              "name": "dev",
              "path": "/nix/store/6xqw0a045m2s6kg7bdx8f0y88x55iw18-jq-1.7.1-dev"
            },
            {
              "name": "doc",
              "path": "/nix/store/7120g78wnwvhsazmd65g3v6hkn7fijj6-jq-1.7.1-doc"
            },
            {
              "name": "out",
              "path": "/nix/store/qky6im9rkx32bkngy05lgf2j2mhc9sa1-jq-1.7.1"
            }
          ],
          "store_path": "/nix/store/z5vhfsyh4yh7f018q036q260h363a56w-jq-1.7.1-bin"
        },
        "x86_64-darwin": {
          "outputs": [
            {
              "name": "bin",
              "path": "/nix/store/1g73qfq41vldzhaxz82f9dbw3pvsgr5g-jq-1.7.1-bin",
              "default": true
            },
            {
              "name": "man",
              "path": "/nix/store/l9jl6mn6f7z8ki4wg4zqa28l3222wbdb-jq-1.7.1-man",
              "default": true
            },
            {
              "name": "doc",
              "path": "/nix/store/3d3vbk2iwg3c2kgbmmr6r6707xkszhy4-jq-1.7.1-doc"
            },
            {
              "name": "out",
              "path": "/nix/store/03q69wc4wg57w1i5bapd0671a8wimfhf-jq-1.7.1"
            },
            {
              "name": "dev",
              "path": "/nix/store/xfa0x8yf8nqka5fjvknmwnbgsixx0rqf-jq-1.7.1-dev"
            }
          ],
          "store_path": "/nix/store/1g73qfq41vldzhaxz82f9dbw3pvsgr5g-jq-1.7.1-bin"
        },
        "x86_64-linux": {
          "outputs": [
            {
              "name": "bin",
              "path": "/nix/store/69msxmwsxfbxx8mzigzrfppgz6qk1sx8-jq-1.7.1-bin",
              "default": true
            },
            {
              "name": "man",
              "path": "/nix/store/0j2mhyyc4rp63wlqip4n9j356nlcqznv-jq-1.7.1-man",
              "default": true
            },
            {
              "name": "dev",
              "path": "/nix/store/135pr45fck6iqk1mym8rlb9hz0vxn2cj-jq-1.7.1-dev"
            },
            {
              "name": "doc",
              "path": "/nix/store/bnzrjq3bpagqhd55mz09i8lx6l2qzwq4-jq-1.7.1-doc"
            },
            {
              "name": "out",
              "path": "/nix/store/rxy1z6zcwgrj59gn91r561s3dj0xgjqg-jq-1.7.1"
            }
          ],
          "store_path": "/nix/store/69msxmwsxfbxx8mzigzrfppgz6qk1sx8-jq-1.7.1-bin"
        }
      }
    },
    "jsonnet@latest": {
      "last_modified": "2025-01-22T14:55:48Z",
      "resolved": "github:NixOS/nixpkgs/606996d74f6e2a12635d41c1bf58bfc7ea3bb5ec#jsonnet",
      "source": "devbox-search",
      "version": "0.20.0",
      "systems": {
        "aarch64-darwin": {
          "outputs": [
            {
              "name": "out",
              "path": "/nix/store/crn7d6r1lc47cn7n1g3cniyfmvzcf8ji-jsonnet-0.20.0",
              "default": true
            },
            {
              "name": "doc",
              "path": "/nix/store/0r2psan2jlw5ir66lmdg4r4bgcavqm4l-jsonnet-0.20.0-doc"
            }
          ],
          "store_path": "/nix/store/crn7d6r1lc47cn7n1g3cniyfmvzcf8ji-jsonnet-0.20.0"
        },
        "aarch64-linux": {
          "outputs": [
            {
              "name": "out",
              "path": "/nix/store/rh1gqg90jirp241ysbzl1msb8jq7fvjf-jsonnet-0.20.0",
              "default": true
            },
            {
              "name": "doc",
              "path": "/nix/store/p515msmjqsss3vz56l0l49snry9irbrm-jsonnet-0.20.0-doc"
            }
          ],
          "store_path": "/nix/store/rh1gqg90jirp241ysbzl1msb8jq7fvjf-jsonnet-0.20.0"
        },
        "x86_64-darwin": {
          "outputs": [
            {
              "name": "out",
              "path": "/nix/store/in7hn1sh2wrn24fc6w58wig6vxh0kpm1-jsonnet-0.20.0",
              "default": true
            },
            {
              "name": "doc",
              "path": "/nix/store/8zvhznswhqlzq23zzlqrvyj570z9gjq6-jsonnet-0.20.0-doc"
            }
          ],
          "store_path": "/nix/store/in7hn1sh2wrn24fc6w58wig6vxh0kpm1-jsonnet-0.20.0"
        },
        "x86_64-linux": {
          "outputs": [
            {
              "name": "out",
              "path": "/nix/store/l9cjmshsddcbhfn51msyxr3cflabb7nd-jsonnet-0.20.0",
              "default": true
            },
            {
              "name": "doc",
              "path": "/nix/store/9wpbgr90w2b4rli1ixxd4rjdd5anjm1g-jsonnet-0.20.0-doc"
            }
          ],
          "store_path": "/nix/store/l9cjmshsddcbhfn51msyxr3cflabb7nd-jsonnet-0.20.0"
        }
      }
    },
    "k9s@latest": {
      "last_modified": "2025-01-19T08:16:51Z",
      "resolved": "github:NixOS/nixpkgs/50165c4f7eb48ce82bd063e1fb8047a0f515f8ce#k9s",
      "source": "devbox-search",
      "version": "0.32.7",
      "systems": {
        "aarch64-darwin": {
          "outputs": [
            {
              "name": "out",
              "path": "/nix/store/davyazrjq67v3asr3c166xwh2q4q2wmj-k9s-0.32.7",
              "default": true
            }
          ],
          "store_path": "/nix/store/davyazrjq67v3asr3c166xwh2q4q2wmj-k9s-0.32.7"
        },
        "aarch64-linux": {
          "outputs": [
            {
              "name": "out",
              "path": "/nix/store/jkibg8q4phcw1yj8lx5f5avshzbjjr8f-k9s-0.32.7",
              "default": true
            }
          ],
          "store_path": "/nix/store/jkibg8q4phcw1yj8lx5f5avshzbjjr8f-k9s-0.32.7"
        },
        "x86_64-darwin": {
          "outputs": [
            {
              "name": "out",
              "path": "/nix/store/3j6m04knddvzgcq3xp0vr1551s6ii93s-k9s-0.32.7",
              "default": true
            }
          ],
          "store_path": "/nix/store/3j6m04knddvzgcq3xp0vr1551s6ii93s-k9s-0.32.7"
        },
        "x86_64-linux": {
          "outputs": [
            {
              "name": "out",
              "path": "/nix/store/m8d3pcdzrcfvy3rzkjpgfr0v94a1pf4i-k9s-0.32.7",
              "default": true
            }
          ],
          "store_path": "/nix/store/m8d3pcdzrcfvy3rzkjpgfr0v94a1pf4i-k9s-0.32.7"
        }
      }
    },
    "kind@latest": {
      "last_modified": "2025-01-19T08:16:51Z",
      "resolved": "github:NixOS/nixpkgs/50165c4f7eb48ce82bd063e1fb8047a0f515f8ce#kind",
      "source": "devbox-search",
      "version": "0.26.0",
      "systems": {
        "aarch64-darwin": {
          "outputs": [
            {
              "name": "out",
              "path": "/nix/store/4j12j5zijvbcyafx85a2qh8jkv4m6lnz-kind-0.26.0",
              "default": true
            }
          ],
          "store_path": "/nix/store/4j12j5zijvbcyafx85a2qh8jkv4m6lnz-kind-0.26.0"
        },
        "aarch64-linux": {
          "outputs": [
            {
              "name": "out",
              "path": "/nix/store/gkpan5sh4kmbxknrf79p9ssd1j024ydb-kind-0.26.0",
              "default": true
            }
          ],
          "store_path": "/nix/store/gkpan5sh4kmbxknrf79p9ssd1j024ydb-kind-0.26.0"
        },
        "x86_64-darwin": {
          "outputs": [
            {
              "name": "out",
              "path": "/nix/store/2vsw8jyi2n4sm74sk1kbff6hq5v8nz6i-kind-0.26.0",
              "default": true
            }
          ],
          "store_path": "/nix/store/2vsw8jyi2n4sm74sk1kbff6hq5v8nz6i-kind-0.26.0"
        },
        "x86_64-linux": {
          "outputs": [
            {
              "name": "out",
              "path": "/nix/store/hp80rb9dpsk2wj5db2zngh5b8hrgwy4k-kind-0.26.0",
              "default": true
            }
          ],
          "store_path": "/nix/store/hp80rb9dpsk2wj5db2zngh5b8hrgwy4k-kind-0.26.0"
        }
      }
    },
    "kluctl@latest": {
      "last_modified": "2025-01-19T08:16:51Z",
      "resolved": "github:NixOS/nixpkgs/50165c4f7eb48ce82bd063e1fb8047a0f515f8ce#kluctl",
      "source": "devbox-search",
      "version": "2.26.0",
      "systems": {
        "aarch64-darwin": {
          "outputs": [
            {
              "name": "out",
              "path": "/nix/store/bj1zxmq1a1zxf3vif4wbj6s61gl351hr-kluctl-2.26.0",
              "default": true
            }
          ],
          "store_path": "/nix/store/bj1zxmq1a1zxf3vif4wbj6s61gl351hr-kluctl-2.26.0"
        },
        "aarch64-linux": {
          "outputs": [
            {
              "name": "out",
              "path": "/nix/store/d68w7gw53v7p59n6km1y2ivglq4l3vpl-kluctl-2.26.0",
              "default": true
            }
          ],
          "store_path": "/nix/store/d68w7gw53v7p59n6km1y2ivglq4l3vpl-kluctl-2.26.0"
        },
        "x86_64-darwin": {
          "outputs": [
            {
              "name": "out",
              "path": "/nix/store/8ls2j75ra00s929p5m5y3iwpm8k9qsqn-kluctl-2.26.0",
              "default": true
            }
          ],
          "store_path": "/nix/store/8ls2j75ra00s929p5m5y3iwpm8k9qsqn-kluctl-2.26.0"
        },
        "x86_64-linux": {
          "outputs": [
            {
              "name": "out",
              "path": "/nix/store/wpv4yv4wc66b7x3lnz0wn3g6dzann1lf-kluctl-2.26.0",
              "default": true
            }
          ],
          "store_path": "/nix/store/wpv4yv4wc66b7x3lnz0wn3g6dzann1lf-kluctl-2.26.0"
        }
      }
    },
    "kubectl@latest": {
      "last_modified": "2025-01-22T06:06:04Z",
      "resolved": "github:NixOS/nixpkgs/5757bbb8bd7c0630a0cc4bb19c47e588db30b97c#kubectl",
      "source": "devbox-search",
      "version": "1.32.1",
      "systems": {
        "aarch64-darwin": {
          "outputs": [
            {
              "name": "out",
              "path": "/nix/store/18441nqn0dahiwn1rvwilqvrqwqvvknz-kubectl-1.32.1",
              "default": true
            },
            {
              "name": "man",
              "path": "/nix/store/7aqhrqy27487ph8gcqwl92lpn48zczlm-kubectl-1.32.1-man",
              "default": true
            },
            {
              "name": "convert",
              "path": "/nix/store/4ahm5rn4f326izlh8nh6zfcf066r0jp9-kubectl-1.32.1-convert"
            }
          ],
          "store_path": "/nix/store/18441nqn0dahiwn1rvwilqvrqwqvvknz-kubectl-1.32.1"
        },
        "aarch64-linux": {
          "outputs": [
            {
              "name": "out",
              "path": "/nix/store/jylypnz6nddbqf85glbyhpmjsbgmlayj-kubectl-1.32.1",
              "default": true
            },
            {
              "name": "man",
              "path": "/nix/store/0f95qz0ynbilx8h0z350in0d8kc9aj1m-kubectl-1.32.1-man",
              "default": true
            },
            {
              "name": "convert",
              "path": "/nix/store/y9kx67c1h6sjr3l4vp7j200v640h32kr-kubectl-1.32.1-convert"
            }
          ],
          "store_path": "/nix/store/jylypnz6nddbqf85glbyhpmjsbgmlayj-kubectl-1.32.1"
        },
        "x86_64-darwin": {
          "outputs": [
            {
              "name": "out",
              "path": "/nix/store/c4ha370mr37kzmr5d3k3x2f7ln51r9fz-kubectl-1.32.1",
              "default": true
            },
            {
              "name": "man",
              "path": "/nix/store/5p29mlkb5ywfn2znwb3pxbyr187585yy-kubectl-1.32.1-man",
              "default": true
            },
            {
              "name": "convert",
              "path": "/nix/store/83qij5g1wkrrwzjn1cwnkd342ifzw97x-kubectl-1.32.1-convert"
            }
          ],
          "store_path": "/nix/store/c4ha370mr37kzmr5d3k3x2f7ln51r9fz-kubectl-1.32.1"
        },
        "x86_64-linux": {
          "outputs": [
            {
              "name": "out",
              "path": "/nix/store/v312kkwzk8mibc9z67n53hab6mcc7cn5-kubectl-1.32.1",
              "default": true
            },
            {
              "name": "man",
              "path": "/nix/store/jb9zc5f93z67xaldz5zmmnv8d5pzc94r-kubectl-1.32.1-man",
              "default": true
            },
            {
              "name": "convert",
              "path": "/nix/store/1lkaw0m4238bichjjl5jkkpqpvxahp43-kubectl-1.32.1-convert"
            }
          ],
          "store_path": "/nix/store/v312kkwzk8mibc9z67n53hab6mcc7cn5-kubectl-1.32.1"
        }
      }
    },
    "kubectx@latest": {
      "last_modified": "2025-01-19T08:16:51Z",
      "resolved": "github:NixOS/nixpkgs/50165c4f7eb48ce82bd063e1fb8047a0f515f8ce#kubectx",
      "source": "devbox-search",
      "version": "0.9.5",
      "systems": {
        "aarch64-darwin": {
          "outputs": [
            {
              "name": "out",
              "path": "/nix/store/qdw308qk5h9zl0skci8p4hr3z13id0bj-kubectx-0.9.5",
              "default": true
            }
          ],
          "store_path": "/nix/store/qdw308qk5h9zl0skci8p4hr3z13id0bj-kubectx-0.9.5"
        },
        "aarch64-linux": {
          "outputs": [
            {
              "name": "out",
              "path": "/nix/store/hx8rrzf830c7h3dsqy9nmbhb8lqj9lzm-kubectx-0.9.5",
              "default": true
            }
          ],
          "store_path": "/nix/store/hx8rrzf830c7h3dsqy9nmbhb8lqj9lzm-kubectx-0.9.5"
        },
        "x86_64-darwin": {
          "outputs": [
            {
              "name": "out",
              "path": "/nix/store/5zmizm345r2g0fm50rcmws5fvrbqnhqn-kubectx-0.9.5",
              "default": true
            }
          ],
          "store_path": "/nix/store/5zmizm345r2g0fm50rcmws5fvrbqnhqn-kubectx-0.9.5"
        },
        "x86_64-linux": {
          "outputs": [
            {
              "name": "out",
              "path": "/nix/store/3fgr9xvrkz57gxawpmaf4vjzwlxh09hq-kubectx-0.9.5",
              "default": true
            }
          ],
          "store_path": "/nix/store/3fgr9xvrkz57gxawpmaf4vjzwlxh09hq-kubectx-0.9.5"
        }
      }
    },
    "kubent@latest": {
      "last_modified": "2025-01-19T08:16:51Z",
      "resolved": "github:NixOS/nixpkgs/50165c4f7eb48ce82bd063e1fb8047a0f515f8ce#kubent",
      "source": "devbox-search",
      "version": "0.7.3",
      "systems": {
        "aarch64-darwin": {
          "outputs": [
            {
              "name": "out",
              "path": "/nix/store/y23jkz9bf515wq1j5gxwwdy20rh1v9ff-kubent-0.7.3",
              "default": true
            }
          ],
          "store_path": "/nix/store/y23jkz9bf515wq1j5gxwwdy20rh1v9ff-kubent-0.7.3"
        },
        "aarch64-linux": {
          "outputs": [
            {
              "name": "out",
              "path": "/nix/store/biigl8162hg3rjyzidq9v6lwhrpphxyn-kubent-0.7.3",
              "default": true
            }
          ],
          "store_path": "/nix/store/biigl8162hg3rjyzidq9v6lwhrpphxyn-kubent-0.7.3"
        },
        "x86_64-darwin": {
          "outputs": [
            {
              "name": "out",
              "path": "/nix/store/p7db3agwf3vy79svsr9z8ics3yldhksr-kubent-0.7.3",
              "default": true
            }
          ],
          "store_path": "/nix/store/p7db3agwf3vy79svsr9z8ics3yldhksr-kubent-0.7.3"
        },
        "x86_64-linux": {
          "outputs": [
            {
              "name": "out",
              "path": "/nix/store/myqz0c11kh3qa3c4d7m32z1dp3vdy2g4-kubent-0.7.3",
              "default": true
            }
          ],
          "store_path": "/nix/store/myqz0c11kh3qa3c4d7m32z1dp3vdy2g4-kubent-0.7.3"
        }
      }
    },
    "kubernetes-helm@latest": {
      "last_modified": "2025-01-22T06:06:04Z",
      "resolved": "github:NixOS/nixpkgs/5757bbb8bd7c0630a0cc4bb19c47e588db30b97c#kubernetes-helm",
      "source": "devbox-search",
      "version": "3.17.0",
      "systems": {
        "aarch64-darwin": {
          "outputs": [
            {
              "name": "out",
              "path": "/nix/store/kqb20496bhsi6wlggidm645ncch8lzxw-kubernetes-helm-3.17.0",
              "default": true
            }
          ],
          "store_path": "/nix/store/kqb20496bhsi6wlggidm645ncch8lzxw-kubernetes-helm-3.17.0"
        },
        "aarch64-linux": {
          "outputs": [
            {
              "name": "out",
              "path": "/nix/store/d60427zv4gsskq2rsq6yfbzzwgr4xdz7-kubernetes-helm-3.17.0",
              "default": true
            }
          ],
          "store_path": "/nix/store/d60427zv4gsskq2rsq6yfbzzwgr4xdz7-kubernetes-helm-3.17.0"
        },
        "x86_64-darwin": {
          "outputs": [
            {
              "name": "out",
              "path": "/nix/store/zak1xp04pcfm0b9gaap9jxp4bq0lawxq-kubernetes-helm-3.17.0",
              "default": true
            }
          ],
          "store_path": "/nix/store/zak1xp04pcfm0b9gaap9jxp4bq0lawxq-kubernetes-helm-3.17.0"
        },
        "x86_64-linux": {
          "outputs": [
            {
              "name": "out",
              "path": "/nix/store/zidsngzm5lwyabaq9fy6m9h6sifk6pg8-kubernetes-helm-3.17.0",
              "default": true
            }
          ],
          "store_path": "/nix/store/zidsngzm5lwyabaq9fy6m9h6sifk6pg8-kubernetes-helm-3.17.0"
        }
      }
    },
    "rainfrog@latest": {
      "last_modified": "2025-01-21T12:51:11Z",
      "resolved": "github:NixOS/nixpkgs/e1996d7bdaf4eafdb85690079b9e02b25dc14e4f#rainfrog",
      "source": "devbox-search",
      "version": "0.2.11",
      "systems": {
        "aarch64-darwin": {
          "outputs": [
            {
              "name": "out",
              "path": "/nix/store/x7j6s871hcfghh3wqyp568r5c057hlzf-rainfrog-0.2.11",
              "default": true
            }
          ],
          "store_path": "/nix/store/x7j6s871hcfghh3wqyp568r5c057hlzf-rainfrog-0.2.11"
        },
        "aarch64-linux": {
          "outputs": [
            {
              "name": "out",
              "path": "/nix/store/3pyiwps7z60xnrngb9a7jj8ykfl7amaz-rainfrog-0.2.11",
              "default": true
            }
          ],
          "store_path": "/nix/store/3pyiwps7z60xnrngb9a7jj8ykfl7amaz-rainfrog-0.2.11"
        },
        "x86_64-darwin": {
          "outputs": [
            {
              "name": "out",
              "path": "/nix/store/3asrkv8niffhslf203n5i163v1mh27ym-rainfrog-0.2.11",
              "default": true
            }
          ],
          "store_path": "/nix/store/3asrkv8niffhslf203n5i163v1mh27ym-rainfrog-0.2.11"
        },
        "x86_64-linux": {
          "outputs": [
            {
              "name": "out",
              "path": "/nix/store/ym5ncig0jgbb1hd497vg93ca9s7a176i-rainfrog-0.2.11",
              "default": true
            }
          ],
          "store_path": "/nix/store/ym5ncig0jgbb1hd497vg93ca9s7a176i-rainfrog-0.2.11"
        }
      }
    },
    "ripgrep@latest": {
      "last_modified": "2025-01-19T08:16:51Z",
      "resolved": "github:NixOS/nixpkgs/50165c4f7eb48ce82bd063e1fb8047a0f515f8ce#ripgrep",
      "source": "devbox-search",
      "version": "14.1.1",
      "systems": {
        "aarch64-darwin": {
          "outputs": [
            {
              "name": "out",
              "path": "/nix/store/wpxhqaa5k638f17yiav6mcbsawi5hh6h-ripgrep-14.1.1",
              "default": true
            }
          ],
          "store_path": "/nix/store/wpxhqaa5k638f17yiav6mcbsawi5hh6h-ripgrep-14.1.1"
        },
        "aarch64-linux": {
          "outputs": [
            {
              "name": "out",
              "path": "/nix/store/xgpafx987hbg76crc9gbdcdbdy3w2cqw-ripgrep-14.1.1",
              "default": true
            }
          ],
          "store_path": "/nix/store/xgpafx987hbg76crc9gbdcdbdy3w2cqw-ripgrep-14.1.1"
        },
        "x86_64-darwin": {
          "outputs": [
            {
              "name": "out",
              "path": "/nix/store/aq8rh9spvrn2rjikyjb8jk0799f6q568-ripgrep-14.1.1",
              "default": true
            }
          ],
          "store_path": "/nix/store/aq8rh9spvrn2rjikyjb8jk0799f6q568-ripgrep-14.1.1"
        },
        "x86_64-linux": {
          "outputs": [
            {
              "name": "out",
              "path": "/nix/store/d7i7ccjxmlzh73l2s458s3c9kwdj2s3b-ripgrep-14.1.1",
              "default": true
            }
          ],
          "store_path": "/nix/store/d7i7ccjxmlzh73l2s458s3c9kwdj2s3b-ripgrep-14.1.1"
        }
      }
    },
    "sops@latest": {
      "last_modified": "2025-01-27T01:46:17Z",
      "resolved": "github:NixOS/nixpkgs/88a55dffa4d44d294c74c298daf75824dc0aafb5#sops",
      "source": "devbox-search",
      "version": "3.9.4",
      "systems": {
        "aarch64-darwin": {
          "outputs": [
            {
              "name": "out",
              "path": "/nix/store/d7jvkgrdcn1y4wb543bi7p17s8l6sxim-sops-3.9.4",
              "default": true
            }
          ],
          "store_path": "/nix/store/d7jvkgrdcn1y4wb543bi7p17s8l6sxim-sops-3.9.4"
        },
        "aarch64-linux": {
          "outputs": [
            {
              "name": "out",
              "path": "/nix/store/vh05llmqr1m1dd8v1fngm4l5r3bm8pnk-sops-3.9.4",
              "default": true
            }
          ],
          "store_path": "/nix/store/vh05llmqr1m1dd8v1fngm4l5r3bm8pnk-sops-3.9.4"
        },
        "x86_64-darwin": {
          "outputs": [
            {
              "name": "out",
              "path": "/nix/store/8wnyc6j1qdv3vdnckrvy8n4km1b9m77f-sops-3.9.4",
              "default": true
            }
          ],
          "store_path": "/nix/store/8wnyc6j1qdv3vdnckrvy8n4km1b9m77f-sops-3.9.4"
        },
        "x86_64-linux": {
          "outputs": [
            {
              "name": "out",
              "path": "/nix/store/ibllgz3n8jhy4daxbvss3mpiikn0azwx-sops-3.9.4",
              "default": true
            }
          ],
          "store_path": "/nix/store/ibllgz3n8jhy4daxbvss3mpiikn0azwx-sops-3.9.4"
        }
      }
    },
    "stern@latest": {
      "last_modified": "2025-01-19T08:16:51Z",
      "resolved": "github:NixOS/nixpkgs/50165c4f7eb48ce82bd063e1fb8047a0f515f8ce#stern",
      "source": "devbox-search",
      "version": "1.31.0",
      "systems": {
        "aarch64-darwin": {
          "outputs": [
            {
              "name": "out",
              "path": "/nix/store/4fqa2lxwc8wbldyj7mhak4j11mww2dcc-stern-1.31.0",
              "default": true
            }
          ],
          "store_path": "/nix/store/4fqa2lxwc8wbldyj7mhak4j11mww2dcc-stern-1.31.0"
        },
        "aarch64-linux": {
          "outputs": [
            {
              "name": "out",
              "path": "/nix/store/nsfv0x3547vvb6d8x2ghlc4nf22nxch7-stern-1.31.0",
              "default": true
            }
          ],
          "store_path": "/nix/store/nsfv0x3547vvb6d8x2ghlc4nf22nxch7-stern-1.31.0"
        },
        "x86_64-darwin": {
          "outputs": [
            {
              "name": "out",
              "path": "/nix/store/srlxnz5xljnvijdw063m7fp58r8pa9v4-stern-1.31.0",
              "default": true
            }
          ],
          "store_path": "/nix/store/srlxnz5xljnvijdw063m7fp58r8pa9v4-stern-1.31.0"
        },
        "x86_64-linux": {
          "outputs": [
            {
              "name": "out",
              "path": "/nix/store/w3xwmdkwxcxxyrzm57vw3p5fgkrcjbmc-stern-1.31.0",
              "default": true
            }
          ],
          "store_path": "/nix/store/w3xwmdkwxcxxyrzm57vw3p5fgkrcjbmc-stern-1.31.0"
        }
      }
    },
    "trivy@latest": {
      "last_modified": "2025-01-19T08:16:51Z",
      "resolved": "github:NixOS/nixpkgs/50165c4f7eb48ce82bd063e1fb8047a0f515f8ce#trivy",
      "source": "devbox-search",
      "version": "0.58.2",
      "systems": {
        "aarch64-darwin": {
          "outputs": [
            {
              "name": "out",
              "path": "/nix/store/9xkh1vqzqm3y3a1hpkbrq81f44418nbf-trivy-0.58.2",
              "default": true
            }
          ],
          "store_path": "/nix/store/9xkh1vqzqm3y3a1hpkbrq81f44418nbf-trivy-0.58.2"
        },
        "aarch64-linux": {
          "outputs": [
            {
              "name": "out",
              "path": "/nix/store/0pg2q27a54a98mjaar6yq0p3g8f6zi66-trivy-0.58.2",
              "default": true
            }
          ],
          "store_path": "/nix/store/0pg2q27a54a98mjaar6yq0p3g8f6zi66-trivy-0.58.2"
        },
        "x86_64-darwin": {
          "outputs": [
            {
              "name": "out",
              "path": "/nix/store/armkdil7774yb45s0k3db924xm9574xv-trivy-0.58.2",
              "default": true
            }
          ],
          "store_path": "/nix/store/armkdil7774yb45s0k3db924xm9574xv-trivy-0.58.2"
        },
        "x86_64-linux": {
          "outputs": [
            {
              "name": "out",
              "path": "/nix/store/p6p5519vr6pcjicv5whbsfm8627s28yv-trivy-0.58.2",
              "default": true
            }
          ],
          "store_path": "/nix/store/p6p5519vr6pcjicv5whbsfm8627s28yv-trivy-0.58.2"
        }
      }
    },
    "velero@latest": {
      "last_modified": "2025-01-20T10:56:48Z",
      "resolved": "github:NixOS/nixpkgs/300081d0cc72df578b02d914df941b8ec62240e6#velero",
      "source": "devbox-search",
      "version": "1.15.2",
      "systems": {
        "aarch64-darwin": {
          "outputs": [
            {
              "name": "out",
              "path": "/nix/store/b1sf6rqpr8rbmydi268zw13mlximlvp2-velero-1.15.2",
              "default": true
            }
          ],
          "store_path": "/nix/store/b1sf6rqpr8rbmydi268zw13mlximlvp2-velero-1.15.2"
        },
        "aarch64-linux": {
          "outputs": [
            {
              "name": "out",
              "path": "/nix/store/m6f5819sdcs709p14n3723ambnb4593q-velero-1.15.2",
              "default": true
            }
          ],
          "store_path": "/nix/store/m6f5819sdcs709p14n3723ambnb4593q-velero-1.15.2"
        },
        "x86_64-darwin": {
          "outputs": [
            {
              "name": "out",
              "path": "/nix/store/r7ggzz7w37j7r2cbabnf5nbxm2p7vkrv-velero-1.15.2",
              "default": true
            }
          ],
          "store_path": "/nix/store/r7ggzz7w37j7r2cbabnf5nbxm2p7vkrv-velero-1.15.2"
        },
        "x86_64-linux": {
          "outputs": [
            {
              "name": "out",
              "path": "/nix/store/6zsyrbgvbj1w8vacksjh9652a3kp8mbx-velero-1.15.2",
              "default": true
            }
          ],
          "store_path": "/nix/store/6zsyrbgvbj1w8vacksjh9652a3kp8mbx-velero-1.15.2"
        }
      }
    },
    "yazi@latest": {
      "last_modified": "2025-01-22T23:44:18Z",
      "resolved": "github:NixOS/nixpkgs/1800f90db02ce58f3733498b8052d5d62bf44c2f#yazi",
      "source": "devbox-search",
      "version": "0.4.2",
      "systems": {
        "aarch64-darwin": {
          "outputs": [
            {
              "name": "out",
              "path": "/nix/store/1n4zjgk8avn5v17rpqwlg17igfss6hnc-yazi-0.4.2",
              "default": true
            }
          ],
          "store_path": "/nix/store/1n4zjgk8avn5v17rpqwlg17igfss6hnc-yazi-0.4.2"
        },
        "aarch64-linux": {
          "outputs": [
            {
              "name": "out",
              "path": "/nix/store/c7cfk9h147fwzfymh7q83kn6m80sbnlb-yazi-0.4.2",
              "default": true
            }
          ],
          "store_path": "/nix/store/c7cfk9h147fwzfymh7q83kn6m80sbnlb-yazi-0.4.2"
        },
        "x86_64-darwin": {
          "outputs": [
            {
              "name": "out",
              "path": "/nix/store/agai6f6mwxypsa91706flxr1p6bkr7mc-yazi-0.4.2",
              "default": true
            }
          ],
          "store_path": "/nix/store/agai6f6mwxypsa91706flxr1p6bkr7mc-yazi-0.4.2"
        },
        "x86_64-linux": {
          "outputs": [
            {
              "name": "out",
              "path": "/nix/store/vbgnij8ix2xb4a1y3sbsb4f1bjbz423i-yazi-0.4.2",
              "default": true
            }
          ],
          "store_path": "/nix/store/vbgnij8ix2xb4a1y3sbsb4f1bjbz423i-yazi-0.4.2"
        }
      }
    },
    "yq-go@latest": {
      "last_modified": "2025-01-19T08:16:51Z",
      "resolved": "github:NixOS/nixpkgs/50165c4f7eb48ce82bd063e1fb8047a0f515f8ce#yq-go",
      "source": "devbox-search",
      "version": "4.45.1",
      "systems": {
        "aarch64-darwin": {
          "outputs": [
            {
              "name": "out",
              "path": "/nix/store/2g34102lnfgsr7n2g2fm11r945lxmxgx-yq-go-4.45.1",
              "default": true
            }
          ],
          "store_path": "/nix/store/2g34102lnfgsr7n2g2fm11r945lxmxgx-yq-go-4.45.1"
        },
        "aarch64-linux": {
          "outputs": [
            {
              "name": "out",
              "path": "/nix/store/nsl4sm3zc4hl16l8zvcrnpw0kqkp21xh-yq-go-4.45.1",
              "default": true
            }
          ],
          "store_path": "/nix/store/nsl4sm3zc4hl16l8zvcrnpw0kqkp21xh-yq-go-4.45.1"
        },
        "x86_64-darwin": {
          "outputs": [
            {
              "name": "out",
              "path": "/nix/store/zzmwwabkgbqrqx1nld5fldwbp0izclqy-yq-go-4.45.1",
              "default": true
            }
          ],
          "store_path": "/nix/store/zzmwwabkgbqrqx1nld5fldwbp0izclqy-yq-go-4.45.1"
        },
        "x86_64-linux": {
          "outputs": [
            {
              "name": "out",
              "path": "/nix/store/0zcjg419anbc1g2ccry71k14wi4j8nsp-yq-go-4.45.1",
              "default": true
            }
          ],
          "store_path": "/nix/store/0zcjg419anbc1g2ccry71k14wi4j8nsp-yq-go-4.45.1"
        }
      }
    }
  }
}
